// !$*UTF8*$!
{
	archiveVersion = 1;
	classes = {
	};
	objectVersion = 46;
	objects = {

/* Begin PBXCopyFilesBuildPhase section */
		920A53FF1558895300D2272D /* CopyFiles */ = {
			isa = PBXCopyFilesBuildPhase;
			buildActionMask = 2147483647;
			dstPath = /usr/share/man/man1/;
			dstSubfolderSpec = 0;
			files = (
			);
			runOnlyForDeploymentPostprocessing = 1;
		};
/* End PBXCopyFilesBuildPhase section */

/* Begin PBXFileReference section */
		920A53F41558892C00D2272D /* http-get.cc */ = {isa = PBXFileReference; lastKnownFileType = sourcecode.cpp.cpp; path = "http-get.cc"; sourceTree = "<group>"; };
		920A53F51558892C00D2272D /* http-headers.cc */ = {isa = PBXFileReference; lastKnownFileType = sourcecode.cpp.cpp; path = "http-headers.cc"; sourceTree = "<group>"; };
		920A53F61558892C00D2272D /* http-headers.h */ = {isa = PBXFileReference; lastKnownFileType = sourcecode.c.h; path = "http-headers.h"; sourceTree = "<group>"; };
		920A53F71558892C00D2272D /* http-proxy.cc */ = {isa = PBXFileReference; lastKnownFileType = sourcecode.cpp.cpp; path = "http-proxy.cc"; sourceTree = "<group>"; };
		920A53F81558892C00D2272D /* http-request.cc */ = {isa = PBXFileReference; lastKnownFileType = sourcecode.cpp.cpp; path = "http-request.cc"; sourceTree = "<group>"; };
		920A53F91558892C00D2272D /* http-request.h */ = {isa = PBXFileReference; lastKnownFileType = sourcecode.c.h; path = "http-request.h"; sourceTree = "<group>"; };
		920A53FA1558892C00D2272D /* http-response.cc */ = {isa = PBXFileReference; lastKnownFileType = sourcecode.cpp.cpp; path = "http-response.cc"; sourceTree = "<group>"; };
		920A53FB1558892C00D2272D /* http-response.h */ = {isa = PBXFileReference; lastKnownFileType = sourcecode.c.h; path = "http-response.h"; sourceTree = "<group>"; };
		920A54011558895300D2272D /* http-get */ = {isa = PBXFileReference; includeInIndex = 0; lastKnownFileType = "compiled.mach-o.executable"; name = "http-get"; path = "/Users/advait/Google Drive/Dropbox/School Homework/UCLA/CS118/project1/build/Release/http-get"; sourceTree = "<absolute>"; };
/* End PBXFileReference section */

/* Begin PBXFrameworksBuildPhase section */
		920A53FE1558895300D2272D /* Frameworks */ = {
			isa = PBXFrameworksBuildPhase;
			buildActionMask = 2147483647;
			files = (
			);
			runOnlyForDeploymentPostprocessing = 0;
		};
/* End PBXFrameworksBuildPhase section */

/* Begin PBXGroup section */
		920A53E81558887E00D2272D = {
			isa = PBXGroup;
			children = (
				920A53F41558892C00D2272D /* http-get.cc */,
				920A53F51558892C00D2272D /* http-headers.cc */,
				920A53F61558892C00D2272D /* http-headers.h */,
				920A53F71558892C00D2272D /* http-proxy.cc */,
				920A53F81558892C00D2272D /* http-request.cc */,
				920A53F91558892C00D2272D /* http-request.h */,
				920A53FA1558892C00D2272D /* http-response.cc */,
				920A53FB1558892C00D2272D /* http-response.h */,
			);
			indentWidth = 2;
			sourceTree = "<group>";
			tabWidth = 2;
		};
/* End PBXGroup section */

/* Begin PBXNativeTarget section */
		920A54001558895300D2272D /* http-get */ = {
			isa = PBXNativeTarget;
			buildConfigurationList = 920A54091558895300D2272D /* Build configuration list for PBXNativeTarget "http-get" */;
			buildPhases = (
				920A53FD1558895300D2272D /* Sources */,
				920A53FE1558895300D2272D /* Frameworks */,
				920A53FF1558895300D2272D /* CopyFiles */,
			);
			buildRules = (
			);
			dependencies = (
			);
			name = "http-get";
			productName = "http-get";
			productReference = 920A54011558895300D2272D /* http-get */;
			productType = "com.apple.product-type.tool";
		};
/* End PBXNativeTarget section */

/* Begin PBXProject section */
		920A53EA1558887E00D2272D /* Project object */ = {
			isa = PBXProject;
			attributes = {
				LastUpgradeCheck = 0430;
			};
			buildConfigurationList = 920A53ED1558887E00D2272D /* Build configuration list for PBXProject "project1" */;
			compatibilityVersion = "Xcode 3.2";
			developmentRegion = English;
			hasScannedForEncodings = 0;
			knownRegions = (
				en,
			);
			mainGroup = 920A53E81558887E00D2272D;
			productRefGroup = 920A53E81558887E00D2272D;
			projectDirPath = "";
			projectRoot = "";
			targets = (
				920A54001558895300D2272D /* http-get */,
			);
		};
/* End PBXProject section */

/* Begin PBXSourcesBuildPhase section */
		920A53FD1558895300D2272D /* Sources */ = {
			isa = PBXSourcesBuildPhase;
			buildActionMask = 2147483647;
			files = (
			);
			runOnlyForDeploymentPostprocessing = 0;
		};
/* End PBXSourcesBuildPhase section */

/* Begin XCBuildConfiguration section */
		920A53EF1558887E00D2272D /* Debug */ = {
			isa = XCBuildConfiguration;
			buildSettings = {
			};
			name = Debug;
		};
		920A53F01558887E00D2272D /* Release */ = {
			isa = XCBuildConfiguration;
			buildSettings = {
			};
			name = Release;
		};
		920A540A1558895300D2272D /* Debug */ = {
			isa = XCBuildConfiguration;
			buildSettings = {
				ALWAYS_SEARCH_USER_PATHS = NO;
				ARCHS = "$(ARCHS_STANDARD_64_BIT)";
				COPY_PHASE_STRIP = NO;
				GCC_C_LANGUAGE_STANDARD = gnu99;
				GCC_DYNAMIC_NO_PIC = NO;
				GCC_ENABLE_OBJC_EXCEPTIONS = YES;
				GCC_OPTIMIZATION_LEVEL = 0;
				GCC_PREPROCESSOR_DEFINITIONS = (
					"DEBUG=1",
					"$(inherited)",
				);
				GCC_SYMBOLS_PRIVATE_EXTERN = NO;
				GCC_VERSION = com.apple.compilers.llvm.clang.1_0;
				GCC_WARN_64_TO_32_BIT_CONVERSION = YES;
				GCC_WARN_ABOUT_RETURN_TYPE = YES;
				GCC_WARN_UNINITIALIZED_AUTOS = YES;
				GCC_WARN_UNUSED_VARIABLE = YES;
				MACOSX_DEPLOYMENT_TARGET = 10.7;
				ONLY_ACTIVE_ARCH = YES;
				PRODUCT_NAME = "$(TARGET_NAME)";
				SDKROOT = macosx;
			};
			name = Debug;
		};
		920A540B1558895300D2272D /* Release */ = {
			isa = XCBuildConfiguration;
			buildSettings = {
				ALWAYS_SEARCH_USER_PATHS = NO;
				ARCHS = "$(ARCHS_STANDARD_64_BIT)";
				COPY_PHASE_STRIP = YES;
				DEBUG_INFORMATION_FORMAT = "dwarf-with-dsym";
				GCC_C_LANGUAGE_STANDARD = gnu99;
				GCC_ENABLE_OBJC_EXCEPTIONS = YES;
				GCC_VERSION = com.apple.compilers.llvm.clang.1_0;
				GCC_WARN_64_TO_32_BIT_CONVERSION = YES;
				GCC_WARN_ABOUT_RETURN_TYPE = YES;
				GCC_WARN_UNINITIALIZED_AUTOS = YES;
				GCC_WARN_UNUSED_VARIABLE = YES;
				MACOSX_DEPLOYMENT_TARGET = 10.7;
				PRODUCT_NAME = "$(TARGET_NAME)";
				SDKROOT = macosx;
			};
			name = Release;
		};
/* End XCBuildConfiguration section */

/* Begin XCConfigurationList section */
		920A53ED1558887E00D2272D /* Build configuration list for PBXProject "project1" */ = {
			isa = XCConfigurationList;
			buildConfigurations = (
				920A53EF1558887E00D2272D /* Debug */,
				920A53F01558887E00D2272D /* Release */,
			);
			defaultConfigurationIsVisible = 0;
			defaultConfigurationName = Release;
		};
		920A54091558895300D2272D /* Build configuration list for PBXNativeTarget "http-get" */ = {
			isa = XCConfigurationList;
			buildConfigurations = (
				920A540A1558895300D2272D /* Debug */,
				920A540B1558895300D2272D /* Release */,
			);
			defaultConfigurationIsVisible = 0;
		};
/* End XCConfigurationList section */
	};
	rootObject = 920A53EA1558887E00D2272D /* Project object */;
}
